
Microsoft Visual Studio Solution File, Format Version 12.00
# Visual Studio Version 17
VisualStudioVersion = 17.7.34024.191
MinimumVisualStudioVersion = 10.0.40219.1
Project("{FAE04EC0-301F-11D3-BF4B-00C04F79EFBC}") = "ChooseMemeServer", "ChooseMemeServer\ChooseMemeServer.csproj", "{804C46E0-FA76-41FE-8BBA-F9C44230B6BE}"
EndProject
Global
	GlobalSection(SolutionConfigurationPlatforms) = preSolution
		Debug|Any CPU = Debug|Any CPU
		Release|Any CPU = Release|Any CPU
	EndGlobalSection
	GlobalSection(ProjectConfigurationPlatforms) = postSolution
		{804C46E0-FA76-41FE-8BBA-F9C44230B6BE}.Debug|Any CPU.ActiveCfg = Debug|Any CPU
		{804C46E0-FA76-41FE-8BBA-F9C44230B6BE}.Debug|Any CPU.Build.0 = Debug|Any CPU
		{804C46E0-FA76-41FE-8BBA-F9C44230B6BE}.Release|Any CPU.ActiveCfg = Release|Any CPU
		{804C46E0-FA76-41FE-8BBA-F9C44230B6BE}.Release|Any CPU.Build.0 = Release|Any CPU
	EndGlobalSection
	GlobalSection(SolutionProperties) = preSolution
		HideSolutionNode = FALSE
	EndGlobalSection
	GlobalSection(ExtensibilityGlobals) = postSolution
		SolutionGuid = {9AE730D4-E0BF-46EE-98C4-5128DD3B8603}
	EndGlobalSection
EndGlobal
